
Microsoft Visual Studio Solution File, Format Version 12.00
# Visual Studio Version 17
VisualStudioVersion = 17.5.33516.290
MinimumVisualStudioVersion = 10.0.40219.1
Project("{FAE04EC0-301F-11D3-BF4B-00C04F79EFBC}") = "WpfApp1", "WpfApp1.csproj", "{518EF43F-B38F-43C1-81C5-68FD061B878A}"
EndProject
Global
	GlobalSection(SolutionConfigurationPlatforms) = preSolution
		Debug|Any CPU = Debug|Any CPU
		Release|Any CPU = Release|Any CPU
	EndGlobalSection
	GlobalSection(ProjectConfigurationPlatforms) = postSolution
		{518EF43F-B38F-43C1-81C5-68FD061B878A}.Debug|Any CPU.ActiveCfg = Debug|Any CPU
		{518EF43F-B38F-43C1-81C5-68FD061B878A}.Debug|Any CPU.Build.0 = Debug|Any CPU
		{518EF43F-B38F-43C1-81C5-68FD061B878A}.Release|Any CPU.ActiveCfg = Release|Any CPU
		{518EF43F-B38F-43C1-81C5-68FD061B878A}.Release|Any CPU.Build.0 = Release|Any CPU
	EndGlobalSection
	GlobalSection(SolutionProperties) = preSolution
		HideSolutionNode = FALSE
	EndGlobalSection
	GlobalSection(ExtensibilityGlobals) = postSolution
		SolutionGuid = {EAE89066-6CEC-489B-906B-0A5A2E4BC1BB}
	EndGlobalSection
EndGlobal
